Microsoft Visual Studio Solution File, Format Version 12.00
# Visual Studio Version 17
VisualStudioVersion = 17.0.31611.283
MinimumVisualStudioVersion = 10.0.40219.1
Project("{9A19103F-16F7-4668-BE54-9A1E7A4F7556}") = "MauiBlazorApp", "MauiBlazorApp\MauiBlazorApp.csproj", "{BB5A5EB4-66BE-45FF-A56B-A93E85C4320F}"
EndProject
Project("{9A19103F-16F7-4668-BE54-9A1E7A4F7556}") = "BlazorWasmApp.Client", "BlazorWasm\BlazorWasmApp.Client\BlazorWasmApp.Client.csproj", "{C4E60DA2-FE50-480D-A5F5-FF2EBAAF847A}"
EndProject
Project("{9A19103F-16F7-4668-BE54-9A1E7A4F7556}") = "BlazorWasmApp.Server", "BlazorWasm\BlazorWasmApp.Server\BlazorWasmApp.Server.csproj", "{23C96871-63A2-4676-8519-21C458855A5E}"
EndProject
Project("{9A19103F-16F7-4668-BE54-9A1E7A4F7556}") = "BlazorShared", "BlazorShared\BlazorShared.csproj", "{C6A4493D-1A0F-4541-994E-EEF78E51A510}"
EndProject
Project("{9A19103F-16F7-4668-BE54-9A1E7A4F7556}") = "WpfBlazorApp", "WpfBlazorApp\WpfBlazorApp.csproj", "{86B06C86-FDF1-462B-8D79-8CBBA339C450}"
EndProject
Project("{9A19103F-16F7-4668-BE54-9A1E7A4F7556}") = "WinFormsBlazorApp", "WinFormsBlazorApp\WinFormsBlazorApp.csproj", "{92B8E72F-1E74-43BE-B076-9941DEDC5BC8}"
EndProject
Project("{9A19103F-16F7-4668-BE54-9A1E7A4F7556}") = "WinUiBlazorApp", "WinUI\WinUiBlazorApp\WinUiBlazorApp.csproj", "{D9D64D36-454D-40E4-9D8F-A22408C8787C}"
EndProject
Project("{9A19103F-16F7-4668-BE54-9A1E7A4F7556}") = "BlazorServerApp", "BlazorServerApp\BlazorServerApp.csproj", "{754E7096-A9C5-4776-BA10-925B3371BF3F}"
EndProject
Project("{9A19103F-16F7-4668-BE54-9A1E7A4F7556}") = "PhotinoBlazorApp", "PhotinoBlazorApp\PhotinoBlazorApp.csproj", "{0E5D034E-85C3-4A57-A184-7D65670E5F76}"
EndProject
Project("{2150E333-8FDC-42A3-9474-1A3956D46DE8}") = "BlazorWasm", "BlazorWasm", "{40FA1832-84F9-4F4C-9ADD-65A4D5C78C17}"
EndProject
Project("{2150E333-8FDC-42A3-9474-1A3956D46DE8}") = "WinUI", "WinUI", "{78967BF7-8790-411E-8253-256D631A4974}"
EndProject
Project("{9A19103F-16F7-4668-BE54-9A1E7A4F7556}") = "BlazorWebView.WinUI3", "WinUI\BlazorWebView.WinUI\BlazorWebView.WinUI3.csproj", "{A037213E-9168-4541-8C7C-A7B376F686EB}"
EndProject
Global
	GlobalSection(SolutionConfigurationPlatforms) = preSolution
		Debug|Any CPU = Debug|Any CPU
		Debug|ARM64 = Debug|ARM64
		Debug|x64 = Debug|x64
		Debug|x86 = Debug|x86
		Release|Any CPU = Release|Any CPU
		Release|ARM64 = Release|ARM64
		Release|x64 = Release|x64
		Release|x86 = Release|x86
	EndGlobalSection
	GlobalSection(ProjectConfigurationPlatforms) = postSolution
		{BB5A5EB4-66BE-45FF-A56B-A93E85C4320F}.Debug|Any CPU.ActiveCfg = Debug|Any CPU
		{BB5A5EB4-66BE-45FF-A56B-A93E85C4320F}.Debug|Any CPU.Build.0 = Debug|Any CPU
		{BB5A5EB4-66BE-45FF-A56B-A93E85C4320F}.Debug|Any CPU.Deploy.0 = Debug|Any CPU
		{BB5A5EB4-66BE-45FF-A56B-A93E85C4320F}.Debug|ARM64.ActiveCfg = Debug|Any CPU
		{BB5A5EB4-66BE-45FF-A56B-A93E85C4320F}.Debug|ARM64.Build.0 = Debug|Any CPU
		{BB5A5EB4-66BE-45FF-A56B-A93E85C4320F}.Debug|ARM64.Deploy.0 = Debug|Any CPU
		{BB5A5EB4-66BE-45FF-A56B-A93E85C4320F}.Debug|x64.ActiveCfg = Debug|Any CPU
		{BB5A5EB4-66BE-45FF-A56B-A93E85C4320F}.Debug|x64.Build.0 = Debug|Any CPU
		{BB5A5EB4-66BE-45FF-A56B-A93E85C4320F}.Debug|x64.Deploy.0 = Debug|Any CPU
		{BB5A5EB4-66BE-45FF-A56B-A93E85C4320F}.Debug|x86.ActiveCfg = Debug|Any CPU
		{BB5A5EB4-66BE-45FF-A56B-A93E85C4320F}.Debug|x86.Build.0 = Debug|Any CPU
		{BB5A5EB4-66BE-45FF-A56B-A93E85C4320F}.Debug|x86.Deploy.0 = Debug|Any CPU
		{BB5A5EB4-66BE-45FF-A56B-A93E85C4320F}.Release|Any CPU.ActiveCfg = Release|Any CPU
		{BB5A5EB4-66BE-45FF-A56B-A93E85C4320F}.Release|Any CPU.Build.0 = Release|Any CPU
		{BB5A5EB4-66BE-45FF-A56B-A93E85C4320F}.Release|Any CPU.Deploy.0 = Release|Any CPU
		{BB5A5EB4-66BE-45FF-A56B-A93E85C4320F}.Release|ARM64.ActiveCfg = Release|Any CPU
		{BB5A5EB4-66BE-45FF-A56B-A93E85C4320F}.Release|ARM64.Build.0 = Release|Any CPU
		{BB5A5EB4-66BE-45FF-A56B-A93E85C4320F}.Release|ARM64.Deploy.0 = Release|Any CPU
		{BB5A5EB4-66BE-45FF-A56B-A93E85C4320F}.Release|x64.ActiveCfg = Release|Any CPU
		{BB5A5EB4-66BE-45FF-A56B-A93E85C4320F}.Release|x64.Build.0 = Release|Any CPU
		{BB5A5EB4-66BE-45FF-A56B-A93E85C4320F}.Release|x64.Deploy.0 = Release|Any CPU
		{BB5A5EB4-66BE-45FF-A56B-A93E85C4320F}.Release|x86.ActiveCfg = Release|Any CPU
		{BB5A5EB4-66BE-45FF-A56B-A93E85C4320F}.Release|x86.Build.0 = Release|Any CPU
		{BB5A5EB4-66BE-45FF-A56B-A93E85C4320F}.Release|x86.Deploy.0 = Release|Any CPU
		{C4E60DA2-FE50-480D-A5F5-FF2EBAAF847A}.Debug|Any CPU.ActiveCfg = Debug|Any CPU
		{C4E60DA2-FE50-480D-A5F5-FF2EBAAF847A}.Debug|Any CPU.Build.0 = Debug|Any CPU
		{C4E60DA2-FE50-480D-A5F5-FF2EBAAF847A}.Debug|ARM64.ActiveCfg = Debug|Any CPU
		{C4E60DA2-FE50-480D-A5F5-FF2EBAAF847A}.Debug|ARM64.Build.0 = Debug|Any CPU
		{C4E60DA2-FE50-480D-A5F5-FF2EBAAF847A}.Debug|x64.ActiveCfg = Debug|Any CPU
		{C4E60DA2-FE50-480D-A5F5-FF2EBAAF847A}.Debug|x64.Build.0 = Debug|Any CPU
		{C4E60DA2-FE50-480D-A5F5-FF2EBAAF847A}.Debug|x86.ActiveCfg = Debug|Any CPU
		{C4E60DA2-FE50-480D-A5F5-FF2EBAAF847A}.Debug|x86.Build.0 = Debug|Any CPU
		{C4E60DA2-FE50-480D-A5F5-FF2EBAAF847A}.Release|Any CPU.ActiveCfg = Release|Any CPU
		{C4E60DA2-FE50-480D-A5F5-FF2EBAAF847A}.Release|Any CPU.Build.0 = Release|Any CPU
		{C4E60DA2-FE50-480D-A5F5-FF2EBAAF847A}.Release|ARM64.ActiveCfg = Release|Any CPU
		{C4E60DA2-FE50-480D-A5F5-FF2EBAAF847A}.Release|ARM64.Build.0 = Release|Any CPU
		{C4E60DA2-FE50-480D-A5F5-FF2EBAAF847A}.Release|x64.ActiveCfg = Release|Any CPU
		{C4E60DA2-FE50-480D-A5F5-FF2EBAAF847A}.Release|x64.Build.0 = Release|Any CPU
		{C4E60DA2-FE50-480D-A5F5-FF2EBAAF847A}.Release|x86.ActiveCfg = Release|Any CPU
		{C4E60DA2-FE50-480D-A5F5-FF2EBAAF847A}.Release|x86.Build.0 = Release|Any CPU
		{23C96871-63A2-4676-8519-21C458855A5E}.Debug|Any CPU.ActiveCfg = Debug|Any CPU
		{23C96871-63A2-4676-8519-21C458855A5E}.Debug|Any CPU.Build.0 = Debug|Any CPU
		{23C96871-63A2-4676-8519-21C458855A5E}.Debug|ARM64.ActiveCfg = Debug|Any CPU
		{23C96871-63A2-4676-8519-21C458855A5E}.Debug|ARM64.Build.0 = Debug|Any CPU
		{23C96871-63A2-4676-8519-21C458855A5E}.Debug|x64.ActiveCfg = Debug|Any CPU
		{23C96871-63A2-4676-8519-21C458855A5E}.Debug|x64.Build.0 = Debug|Any CPU
		{23C96871-63A2-4676-8519-21C458855A5E}.Debug|x86.ActiveCfg = Debug|Any CPU
		{23C96871-63A2-4676-8519-21C458855A5E}.Debug|x86.Build.0 = Debug|Any CPU
		{23C96871-63A2-4676-8519-21C458855A5E}.Release|Any CPU.ActiveCfg = Release|Any CPU
		{23C96871-63A2-4676-8519-21C458855A5E}.Release|Any CPU.Build.0 = Release|Any CPU
		{23C96871-63A2-4676-8519-21C458855A5E}.Release|ARM64.ActiveCfg = Release|Any CPU
		{23C96871-63A2-4676-8519-21C458855A5E}.Release|ARM64.Build.0 = Release|Any CPU
		{23C96871-63A2-4676-8519-21C458855A5E}.Release|x64.ActiveCfg = Release|Any CPU
		{23C96871-63A2-4676-8519-21C458855A5E}.Release|x64.Build.0 = Release|Any CPU
		{23C96871-63A2-4676-8519-21C458855A5E}.Release|x86.ActiveCfg = Release|Any CPU
		{23C96871-63A2-4676-8519-21C458855A5E}.Release|x86.Build.0 = Release|Any CPU
		{C6A4493D-1A0F-4541-994E-EEF78E51A510}.Debug|Any CPU.ActiveCfg = Debug|Any CPU
		{C6A4493D-1A0F-4541-994E-EEF78E51A510}.Debug|Any CPU.Build.0 = Debug|Any CPU
		{C6A4493D-1A0F-4541-994E-EEF78E51A510}.Debug|ARM64.ActiveCfg = Debug|Any CPU
		{C6A4493D-1A0F-4541-994E-EEF78E51A510}.Debug|ARM64.Build.0 = Debug|Any CPU
		{C6A4493D-1A0F-4541-994E-EEF78E51A510}.Debug|x64.ActiveCfg = Debug|Any CPU
		{C6A4493D-1A0F-4541-994E-EEF78E51A510}.Debug|x64.Build.0 = Debug|Any CPU
		{C6A4493D-1A0F-4541-994E-EEF78E51A510}.Debug|x86.ActiveCfg = Debug|Any CPU
		{C6A4493D-1A0F-4541-994E-EEF78E51A510}.Debug|x86.Build.0 = Debug|Any CPU
		{C6A4493D-1A0F-4541-994E-EEF78E51A510}.Release|Any CPU.ActiveCfg = Release|Any CPU
		{C6A4493D-1A0F-4541-994E-EEF78E51A510}.Release|Any CPU.Build.0 = Release|Any CPU
		{C6A4493D-1A0F-4541-994E-EEF78E51A510}.Release|ARM64.ActiveCfg = Release|Any CPU
		{C6A4493D-1A0F-4541-994E-EEF78E51A510}.Release|ARM64.Build.0 = Release|Any CPU
		{C6A4493D-1A0F-4541-994E-EEF78E51A510}.Release|x64.ActiveCfg = Release|Any CPU
		{C6A4493D-1A0F-4541-994E-EEF78E51A510}.Release|x64.Build.0 = Release|Any CPU
		{C6A4493D-1A0F-4541-994E-EEF78E51A510}.Release|x86.ActiveCfg = Release|Any CPU
		{C6A4493D-1A0F-4541-994E-EEF78E51A510}.Release|x86.Build.0 = Release|Any CPU
		{86B06C86-FDF1-462B-8D79-8CBBA339C450}.Debug|Any CPU.ActiveCfg = Debug|Any CPU
		{86B06C86-FDF1-462B-8D79-8CBBA339C450}.Debug|Any CPU.Build.0 = Debug|Any CPU
		{86B06C86-FDF1-462B-8D79-8CBBA339C450}.Debug|ARM64.ActiveCfg = Debug|Any CPU
		{86B06C86-FDF1-462B-8D79-8CBBA339C450}.Debug|ARM64.Build.0 = Debug|Any CPU
		{86B06C86-FDF1-462B-8D79-8CBBA339C450}.Debug|x64.ActiveCfg = Debug|Any CPU
		{86B06C86-FDF1-462B-8D79-8CBBA339C450}.Debug|x64.Build.0 = Debug|Any CPU
		{86B06C86-FDF1-462B-8D79-8CBBA339C450}.Debug|x86.ActiveCfg = Debug|Any CPU
		{86B06C86-FDF1-462B-8D79-8CBBA339C450}.Debug|x86.Build.0 = Debug|Any CPU
		{86B06C86-FDF1-462B-8D79-8CBBA339C450}.Release|Any CPU.ActiveCfg = Release|Any CPU
		{86B06C86-FDF1-462B-8D79-8CBBA339C450}.Release|Any CPU.Build.0 = Release|Any CPU
		{86B06C86-FDF1-462B-8D79-8CBBA339C450}.Release|ARM64.ActiveCfg = Release|Any CPU
		{86B06C86-FDF1-462B-8D79-8CBBA339C450}.Release|ARM64.Build.0 = Release|Any CPU
		{86B06C86-FDF1-462B-8D79-8CBBA339C450}.Release|x64.ActiveCfg = Release|Any CPU
		{86B06C86-FDF1-462B-8D79-8CBBA339C450}.Release|x64.Build.0 = Release|Any CPU
		{86B06C86-FDF1-462B-8D79-8CBBA339C450}.Release|x86.ActiveCfg = Release|Any CPU
		{86B06C86-FDF1-462B-8D79-8CBBA339C450}.Release|x86.Build.0 = Release|Any CPU
		{92B8E72F-1E74-43BE-B076-9941DEDC5BC8}.Debug|Any CPU.ActiveCfg = Debug|Any CPU
		{92B8E72F-1E74-43BE-B076-9941DEDC5BC8}.Debug|Any CPU.Build.0 = Debug|Any CPU
		{92B8E72F-1E74-43BE-B076-9941DEDC5BC8}.Debug|ARM64.ActiveCfg = Debug|Any CPU
		{92B8E72F-1E74-43BE-B076-9941DEDC5BC8}.Debug|ARM64.Build.0 = Debug|Any CPU
		{92B8E72F-1E74-43BE-B076-9941DEDC5BC8}.Debug|x64.ActiveCfg = Debug|Any CPU
		{92B8E72F-1E74-43BE-B076-9941DEDC5BC8}.Debug|x64.Build.0 = Debug|Any CPU
		{92B8E72F-1E74-43BE-B076-9941DEDC5BC8}.Debug|x86.ActiveCfg = Debug|Any CPU
		{92B8E72F-1E74-43BE-B076-9941DEDC5BC8}.Debug|x86.Build.0 = Debug|Any CPU
		{92B8E72F-1E74-43BE-B076-9941DEDC5BC8}.Release|Any CPU.ActiveCfg = Release|Any CPU
		{92B8E72F-1E74-43BE-B076-9941DEDC5BC8}.Release|Any CPU.Build.0 = Release|Any CPU
		{92B8E72F-1E74-43BE-B076-9941DEDC5BC8}.Release|ARM64.ActiveCfg = Release|Any CPU
		{92B8E72F-1E74-43BE-B076-9941DEDC5BC8}.Release|ARM64.Build.0 = Release|Any CPU
		{92B8E72F-1E74-43BE-B076-9941DEDC5BC8}.Release|x64.ActiveCfg = Release|Any CPU
		{92B8E72F-1E74-43BE-B076-9941DEDC5BC8}.Release|x64.Build.0 = Release|Any CPU
		{92B8E72F-1E74-43BE-B076-9941DEDC5BC8}.Release|x86.ActiveCfg = Release|Any CPU
		{92B8E72F-1E74-43BE-B076-9941DEDC5BC8}.Release|x86.Build.0 = Release|Any CPU
		{D9D64D36-454D-40E4-9D8F-A22408C8787C}.Debug|Any CPU.ActiveCfg = Debug|x64
		{D9D64D36-454D-40E4-9D8F-A22408C8787C}.Debug|Any CPU.Build.0 = Debug|x64
		{D9D64D36-454D-40E4-9D8F-A22408C8787C}.Debug|Any CPU.Deploy.0 = Debug|x64
		{D9D64D36-454D-40E4-9D8F-A22408C8787C}.Debug|ARM64.ActiveCfg = Debug|ARM64
		{D9D64D36-454D-40E4-9D8F-A22408C8787C}.Debug|ARM64.Build.0 = Debug|ARM64
		{D9D64D36-454D-40E4-9D8F-A22408C8787C}.Debug|ARM64.Deploy.0 = Debug|ARM64
		{D9D64D36-454D-40E4-9D8F-A22408C8787C}.Debug|x64.ActiveCfg = Debug|x64
		{D9D64D36-454D-40E4-9D8F-A22408C8787C}.Debug|x64.Build.0 = Debug|x64
		{D9D64D36-454D-40E4-9D8F-A22408C8787C}.Debug|x64.Deploy.0 = Debug|x64
		{D9D64D36-454D-40E4-9D8F-A22408C8787C}.Debug|x86.ActiveCfg = Debug|x86
		{D9D64D36-454D-40E4-9D8F-A22408C8787C}.Debug|x86.Build.0 = Debug|x86
		{D9D64D36-454D-40E4-9D8F-A22408C8787C}.Debug|x86.Deploy.0 = Debug|x86
		{D9D64D36-454D-40E4-9D8F-A22408C8787C}.Release|Any CPU.ActiveCfg = Release|x64
		{D9D64D36-454D-40E4-9D8F-A22408C8787C}.Release|Any CPU.Build.0 = Release|x64
		{D9D64D36-454D-40E4-9D8F-A22408C8787C}.Release|Any CPU.Deploy.0 = Release|x64
		{D9D64D36-454D-40E4-9D8F-A22408C8787C}.Release|ARM64.ActiveCfg = Release|ARM64
		{D9D64D36-454D-40E4-9D8F-A22408C8787C}.Release|ARM64.Build.0 = Release|ARM64
		{D9D64D36-454D-40E4-9D8F-A22408C8787C}.Release|ARM64.Deploy.0 = Release|ARM64
		{D9D64D36-454D-40E4-9D8F-A22408C8787C}.Release|x64.ActiveCfg = Release|x64
		{D9D64D36-454D-40E4-9D8F-A22408C8787C}.Release|x64.Build.0 = Release|x64
		{D9D64D36-454D-40E4-9D8F-A22408C8787C}.Release|x64.Deploy.0 = Release|x64
		{D9D64D36-454D-40E4-9D8F-A22408C8787C}.Release|x86.ActiveCfg = Release|x86
		{D9D64D36-454D-40E4-9D8F-A22408C8787C}.Release|x86.Build.0 = Release|x86
		{D9D64D36-454D-40E4-9D8F-A22408C8787C}.Release|x86.Deploy.0 = Release|x86
		{754E7096-A9C5-4776-BA10-925B3371BF3F}.Debug|Any CPU.ActiveCfg = Debug|Any CPU
		{754E7096-A9C5-4776-BA10-925B3371BF3F}.Debug|Any CPU.Build.0 = Debug|Any CPU
		{754E7096-A9C5-4776-BA10-925B3371BF3F}.Debug|ARM64.ActiveCfg = Debug|Any CPU
		{754E7096-A9C5-4776-BA10-925B3371BF3F}.Debug|ARM64.Build.0 = Debug|Any CPU
		{754E7096-A9C5-4776-BA10-925B3371BF3F}.Debug|x64.ActiveCfg = Debug|Any CPU
		{754E7096-A9C5-4776-BA10-925B3371BF3F}.Debug|x64.Build.0 = Debug|Any CPU
		{754E7096-A9C5-4776-BA10-925B3371BF3F}.Debug|x86.ActiveCfg = Debug|Any CPU
		{754E7096-A9C5-4776-BA10-925B3371BF3F}.Debug|x86.Build.0 = Debug|Any CPU
		{754E7096-A9C5-4776-BA10-925B3371BF3F}.Release|Any CPU.ActiveCfg = Release|Any CPU
		{754E7096-A9C5-4776-BA10-925B3371BF3F}.Release|Any CPU.Build.0 = Release|Any CPU
		{754E7096-A9C5-4776-BA10-925B3371BF3F}.Release|ARM64.ActiveCfg = Release|Any CPU
		{754E7096-A9C5-4776-BA10-925B3371BF3F}.Release|ARM64.Build.0 = Release|Any CPU
		{754E7096-A9C5-4776-BA10-925B3371BF3F}.Release|x64.ActiveCfg = Release|Any CPU
		{754E7096-A9C5-4776-BA10-925B3371BF3F}.Release|x64.Build.0 = Release|Any CPU
		{754E7096-A9C5-4776-BA10-925B3371BF3F}.Release|x86.ActiveCfg = Release|Any CPU
		{754E7096-A9C5-4776-BA10-925B3371BF3F}.Release|x86.Build.0 = Release|Any CPU
		{0E5D034E-85C3-4A57-A184-7D65670E5F76}.Debug|Any CPU.ActiveCfg = Debug|Any CPU
		{0E5D034E-85C3-4A57-A184-7D65670E5F76}.Debug|Any CPU.Build.0 = Debug|Any CPU
		{0E5D034E-85C3-4A57-A184-7D65670E5F76}.Debug|ARM64.ActiveCfg = Debug|Any CPU
		{0E5D034E-85C3-4A57-A184-7D65670E5F76}.Debug|ARM64.Build.0 = Debug|Any CPU
		{0E5D034E-85C3-4A57-A184-7D65670E5F76}.Debug|x64.ActiveCfg = Debug|Any CPU
		{0E5D034E-85C3-4A57-A184-7D65670E5F76}.Debug|x64.Build.0 = Debug|Any CPU
		{0E5D034E-85C3-4A57-A184-7D65670E5F76}.Debug|x86.ActiveCfg = Debug|Any CPU
		{0E5D034E-85C3-4A57-A184-7D65670E5F76}.Debug|x86.Build.0 = Debug|Any CPU
		{0E5D034E-85C3-4A57-A184-7D65670E5F76}.Release|Any CPU.ActiveCfg = Release|Any CPU
		{0E5D034E-85C3-4A57-A184-7D65670E5F76}.Release|Any CPU.Build.0 = Release|Any CPU
		{0E5D034E-85C3-4A57-A184-7D65670E5F76}.Release|ARM64.ActiveCfg = Release|Any CPU
		{0E5D034E-85C3-4A57-A184-7D65670E5F76}.Release|ARM64.Build.0 = Release|Any CPU
		{0E5D034E-85C3-4A57-A184-7D65670E5F76}.Release|x64.ActiveCfg = Release|Any CPU
		{0E5D034E-85C3-4A57-A184-7D65670E5F76}.Release|x64.Build.0 = Release|Any CPU
		{0E5D034E-85C3-4A57-A184-7D65670E5F76}.Release|x86.ActiveCfg = Release|Any CPU
		{0E5D034E-85C3-4A57-A184-7D65670E5F76}.Release|x86.Build.0 = Release|Any CPU
		{A037213E-9168-4541-8C7C-A7B376F686EB}.Debug|Any CPU.ActiveCfg = Debug|Any CPU
		{A037213E-9168-4541-8C7C-A7B376F686EB}.Debug|Any CPU.Build.0 = Debug|Any CPU
		{A037213E-9168-4541-8C7C-A7B376F686EB}.Debug|ARM64.ActiveCfg = Debug|Any CPU
		{A037213E-9168-4541-8C7C-A7B376F686EB}.Debug|ARM64.Build.0 = Debug|Any CPU
		{A037213E-9168-4541-8C7C-A7B376F686EB}.Debug|x64.ActiveCfg = Debug|Any CPU
		{A037213E-9168-4541-8C7C-A7B376F686EB}.Debug|x64.Build.0 = Debug|Any CPU
		{A037213E-9168-4541-8C7C-A7B376F686EB}.Debug|x86.ActiveCfg = Debug|Any CPU
		{A037213E-9168-4541-8C7C-A7B376F686EB}.Debug|x86.Build.0 = Debug|Any CPU
		{A037213E-9168-4541-8C7C-A7B376F686EB}.Release|Any CPU.ActiveCfg = Release|Any CPU
		{A037213E-9168-4541-8C7C-A7B376F686EB}.Release|Any CPU.Build.0 = Release|Any CPU
		{A037213E-9168-4541-8C7C-A7B376F686EB}.Release|ARM64.ActiveCfg = Release|Any CPU
		{A037213E-9168-4541-8C7C-A7B376F686EB}.Release|ARM64.Build.0 = Release|Any CPU
		{A037213E-9168-4541-8C7C-A7B376F686EB}.Release|x64.ActiveCfg = Release|Any CPU
		{A037213E-9168-4541-8C7C-A7B376F686EB}.Release|x64.Build.0 = Release|Any CPU
		{A037213E-9168-4541-8C7C-A7B376F686EB}.Release|x86.ActiveCfg = Release|Any CPU
		{A037213E-9168-4541-8C7C-A7B376F686EB}.Release|x86.Build.0 = Release|Any CPU
	EndGlobalSection
	GlobalSection(SolutionProperties) = preSolution
		HideSolutionNode = FALSE
	EndGlobalSection
	GlobalSection(NestedProjects) = preSolution
		{C4E60DA2-FE50-480D-A5F5-FF2EBAAF847A} = {40FA1832-84F9-4F4C-9ADD-65A4D5C78C17}
		{23C96871-63A2-4676-8519-21C458855A5E} = {40FA1832-84F9-4F4C-9ADD-65A4D5C78C17}
		{D9D64D36-454D-40E4-9D8F-A22408C8787C} = {78967BF7-8790-411E-8253-256D631A4974}
		{A037213E-9168-4541-8C7C-A7B376F686EB} = {78967BF7-8790-411E-8253-256D631A4974}
	EndGlobalSection
	GlobalSection(ExtensibilityGlobals) = postSolution
		SolutionGuid = {61F7FB11-1E47-470C-91E2-47F8143E1572}
	EndGlobalSection
EndGlobal
